
Microsoft Visual Studio Solution File, Format Version 12.00
# Visual Studio Version 17
VisualStudioVersion = 17.7.34024.191
MinimumVisualStudioVersion = 10.0.40219.1
Project("{FAE04EC0-301F-11D3-BF4B-00C04F79EFBC}") = "AddSteamMobileAuthenticator", "AddSteamMobileAuthenticator.csproj", "{C44864D1-2233-41B0-B89F-9DB7F8A5180A}"
EndProject
Global
	GlobalSection(SolutionConfigurationPlatforms) = preSolution
		Debug|Any CPU = Debug|Any CPU
		Release|Any CPU = Release|Any CPU
	EndGlobalSection
	GlobalSection(ProjectConfigurationPlatforms) = postSolution
		{C44864D1-2233-41B0-B89F-9DB7F8A5180A}.Debug|Any CPU.ActiveCfg = Debug|Any CPU
		{C44864D1-2233-41B0-B89F-9DB7F8A5180A}.Debug|Any CPU.Build.0 = Debug|Any CPU
		{C44864D1-2233-41B0-B89F-9DB7F8A5180A}.Release|Any CPU.ActiveCfg = Release|Any CPU
		{C44864D1-2233-41B0-B89F-9DB7F8A5180A}.Release|Any CPU.Build.0 = Release|Any CPU
	EndGlobalSection
	GlobalSection(SolutionProperties) = preSolution
		HideSolutionNode = FALSE
	EndGlobalSection
	GlobalSection(ExtensibilityGlobals) = postSolution
		SolutionGuid = {79A03979-FF92-4CDC-A1BB-0A7D2201C90E}
	EndGlobalSection
EndGlobal
